
Microsoft Visual Studio Solution File, Format Version 11.00
# Visual C# Express 2010
Project("{FAE04EC0-301F-11D3-BF4B-00C04F79EFBC}") = "CK2Modder", "CK2Modder\CK2Modder.csproj", "{C08A0461-0BE0-4BFC-9E68-B6D269D2ECFD}"
EndProject
Global
	GlobalSection(SolutionConfigurationPlatforms) = preSolution
		Debug|x86 = Debug|x86
		Release|x86 = Release|x86
	EndGlobalSection
	GlobalSection(ProjectConfigurationPlatforms) = postSolution
		{C08A0461-0BE0-4BFC-9E68-B6D269D2ECFD}.Debug|x86.ActiveCfg = Debug|x86
		{C08A0461-0BE0-4BFC-9E68-B6D269D2ECFD}.Debug|x86.Build.0 = Debug|x86
		{C08A0461-0BE0-4BFC-9E68-B6D269D2ECFD}.Release|x86.ActiveCfg = Release|x86
		{C08A0461-0BE0-4BFC-9E68-B6D269D2ECFD}.Release|x86.Build.0 = Release|x86
	EndGlobalSection
	GlobalSection(SolutionProperties) = preSolution
		HideSolutionNode = FALSE
	EndGlobalSection
EndGlobal
